// !$*UTF8*$!
{
	archiveVersion = 1;
	classes = {
	};
	objectVersion = 48;
	objects = {

/* Begin PBXBuildFile section */
		FD135A072008F012006F1896 /* AppDelegate.swift in Sources */ = {isa = PBXBuildFile; fileRef = FD135A062008F012006F1896 /* AppDelegate.swift */; };
		FD135A092008F012006F1896 /* ViewController.swift in Sources */ = {isa = PBXBuildFile; fileRef = FD135A082008F012006F1896 /* ViewController.swift */; };
		FD135A0C2008F012006F1896 /* Main.storyboard in Resources */ = {isa = PBXBuildFile; fileRef = FD135A0A2008F012006F1896 /* Main.storyboard */; };
		FD135A0E2008F012006F1896 /* Assets.xcassets in Resources */ = {isa = PBXBuildFile; fileRef = FD135A0D2008F012006F1896 /* Assets.xcassets */; };
		FD135A112008F012006F1896 /* LaunchScreen.storyboard in Resources */ = {isa = PBXBuildFile; fileRef = FD135A0F2008F012006F1896 /* LaunchScreen.storyboard */; };
		FD135A1D2008F02E006F1896 /* Extensions.swift in Sources */ = {isa = PBXBuildFile; fileRef = FD135A192008F02E006F1896 /* Extensions.swift */; };
		FD135A1E2008F02E006F1896 /* ProcessLoadingView.swift in Sources */ = {isa = PBXBuildFile; fileRef = FD135A1A2008F02E006F1896 /* ProcessLoadingView.swift */; };
		FD135A1F2008F02E006F1896 /* ProcessOptions.swift in Sources */ = {isa = PBXBuildFile; fileRef = FD135A1B2008F02E006F1896 /* ProcessOptions.swift */; };
		FD135A202008F02E006F1896 /* ProcessStroke.swift in Sources */ = {isa = PBXBuildFile; fileRef = FD135A1C2008F02E006F1896 /* ProcessStroke.swift */; };
/* End PBXBuildFile section */

/* Begin PBXFileReference section */
		FD135A032008F012006F1896 /* ProcessLoadingViewDemo.app */ = {isa = PBXFileReference; explicitFileType = wrapper.application; includeInIndex = 0; path = ProcessLoadingViewDemo.app; sourceTree = BUILT_PRODUCTS_DIR; };
		FD135A062008F012006F1896 /* AppDelegate.swift */ = {isa = PBXFileReference; lastKnownFileType = sourcecode.swift; path = AppDelegate.swift; sourceTree = "<group>"; };
		FD135A082008F012006F1896 /* ViewController.swift */ = {isa = PBXFileReference; lastKnownFileType = sourcecode.swift; path = ViewController.swift; sourceTree = "<group>"; };
		FD135A0B2008F012006F1896 /* Base */ = {isa = PBXFileReference; lastKnownFileType = file.storyboard; name = Base; path = Base.lproj/Main.storyboard; sourceTree = "<group>"; };
		FD135A0D2008F012006F1896 /* Assets.xcassets */ = {isa = PBXFileReference; lastKnownFileType = folder.assetcatalog; path = Assets.xcassets; sourceTree = "<group>"; };
		FD135A102008F012006F1896 /* Base */ = {isa = PBXFileReference; lastKnownFileType = file.storyboard; name = Base; path = Base.lproj/LaunchScreen.storyboard; sourceTree = "<group>"; };
		FD135A122008F012006F1896 /* Info.plist */ = {isa = PBXFileReference; lastKnownFileType = text.plist.xml; path = Info.plist; sourceTree = "<group>"; };
		FD135A192008F02E006F1896 /* Extensions.swift */ = {isa = PBXFileReference; fileEncoding = 4; lastKnownFileType = sourcecode.swift; path = Extensions.swift; sourceTree = "<group>"; };
		FD135A1A2008F02E006F1896 /* ProcessLoadingView.swift */ = {isa = PBXFileReference; fileEncoding = 4; lastKnownFileType = sourcecode.swift; path = ProcessLoadingView.swift; sourceTree = "<group>"; };
		FD135A1B2008F02E006F1896 /* ProcessOptions.swift */ = {isa = PBXFileReference; fileEncoding = 4; lastKnownFileType = sourcecode.swift; path = ProcessOptions.swift; sourceTree = "<group>"; };
		FD135A1C2008F02E006F1896 /* ProcessStroke.swift */ = {isa = PBXFileReference; fileEncoding = 4; lastKnownFileType = sourcecode.swift; path = ProcessStroke.swift; sourceTree = "<group>"; };
/* End PBXFileReference section */

/* Begin PBXFrameworksBuildPhase section */
		FD135A002008F012006F1896 /* Frameworks */ = {
			isa = PBXFrameworksBuildPhase;
			buildActionMask = 2147483647;
			files = (
			);
			runOnlyForDeploymentPostprocessing = 0;
		};
/* End PBXFrameworksBuildPhase section */

/* Begin PBXGroup section */
		FD1359FA2008F012006F1896 = {
			isa = PBXGroup;
			children = (
				FD135A052008F012006F1896 /* ProcessLoadingViewDemo */,
				FD135A042008F012006F1896 /* Products */,
			);
			sourceTree = "<group>";
		};
		FD135A042008F012006F1896 /* Products */ = {
			isa = PBXGroup;
			children = (
				FD135A032008F012006F1896 /* ProcessLoadingViewDemo.app */,
			);
			name = Products;
			sourceTree = "<group>";
		};
		FD135A052008F012006F1896 /* ProcessLoadingViewDemo */ = {
			isa = PBXGroup;
			children = (
				FD135A182008F02E006F1896 /* processView */,
				FD135A062008F012006F1896 /* AppDelegate.swift */,
				FD135A082008F012006F1896 /* ViewController.swift */,
				FD135A0A2008F012006F1896 /* Main.storyboard */,
				FD135A0D2008F012006F1896 /* Assets.xcassets */,
				FD135A0F2008F012006F1896 /* LaunchScreen.storyboard */,
				FD135A122008F012006F1896 /* Info.plist */,
			);
			path = ProcessLoadingViewDemo;
			sourceTree = "<group>";
		};
		FD135A182008F02E006F1896 /* processView */ = {
			isa = PBXGroup;
			children = (
				FD135A192008F02E006F1896 /* Extensions.swift */,
				FD135A1A2008F02E006F1896 /* ProcessLoadingView.swift */,
				FD135A1B2008F02E006F1896 /* ProcessOptions.swift */,
				FD135A1C2008F02E006F1896 /* ProcessStroke.swift */,
			);
			path = processView;
			sourceTree = "<group>";
		};
/* End PBXGroup section */

/* Begin PBXNativeTarget section */
		FD135A022008F012006F1896 /* ProcessLoadingViewDemo */ = {
			isa = PBXNativeTarget;
			buildConfigurationList = FD135A152008F012006F1896 /* Build configuration list for PBXNativeTarget "ProcessLoadingViewDemo" */;
			buildPhases = (
				FD1359FF2008F012006F1896 /* Sources */,
				FD135A002008F012006F1896 /* Frameworks */,
				FD135A012008F012006F1896 /* Resources */,
			);
			buildRules = (
			);
			dependencies = (
			);
			name = ProcessLoadingViewDemo;
			productName = ProcessLoadingViewDemo;
			productReference = FD135A032008F012006F1896 /* ProcessLoadingViewDemo.app */;
			productType = "com.apple.product-type.application";
		};
/* End PBXNativeTarget section */

/* Begin PBXProject section */
		FD1359FB2008F012006F1896 /* Project object */ = {
			isa = PBXProject;
			attributes = {
				LastSwiftUpdateCheck = 0920;
				LastUpgradeCheck = 0920;
				ORGANIZATIONNAME = "Ayman Ibrahim";
				TargetAttributes = {
					FD135A022008F012006F1896 = {
						CreatedOnToolsVersion = 9.2;
						ProvisioningStyle = Automatic;
					};
				};
			};
			buildConfigurationList = FD1359FE2008F012006F1896 /* Build configuration list for PBXProject "ProcessLoadingViewDemo" */;
			compatibilityVersion = "Xcode 8.0";
			developmentRegion = en;
			hasScannedForEncodings = 0;
			knownRegions = (
				en,
				Base,
			);
			mainGroup = FD1359FA2008F012006F1896;
			productRefGroup = FD135A042008F012006F1896 /* Products */;
			projectDirPath = "";
			projectRoot = "";
			targets = (
				FD135A022008F012006F1896 /* ProcessLoadingViewDemo */,
			);
		};
/* End PBXProject section */

/* Begin PBXResourcesBuildPhase section */
		FD135A012008F012006F1896 /* Resources */ = {
			isa = PBXResourcesBuildPhase;
			buildActionMask = 2147483647;
			files = (
				FD135A112008F012006F1896 /* LaunchScreen.storyboard in Resources */,
				FD135A0E2008F012006F1896 /* Assets.xcassets in Resources */,
				FD135A0C2008F012006F1896 /* Main.storyboard in Resources */,
			);
			runOnlyForDeploymentPostprocessing = 0;
		};
/* End PBXResourcesBuildPhase section */

/* Begin PBXSourcesBuildPhase section */
		FD1359FF2008F012006F1896 /* Sources */ = {
			isa = PBXSourcesBuildPhase;
			buildActionMask = 2147483647;
			files = (
				FD135A092008F012006F1896 /* ViewController.swift in Sources */,
				FD135A202008F02E006F1896 /* ProcessStroke.swift in Sources */,
				FD135A1D2008F02E006F1896 /* Extensions.swift in Sources */,
				FD135A072008F012006F1896 /* AppDelegate.swift in Sources */,
				FD135A1F2008F02E006F1896 /* ProcessOptions.swift in Sources */,
				FD135A1E2008F02E006F1896 /* ProcessLoadingView.swift in Sources */,
			);
			runOnlyForDeploymentPostprocessing = 0;
		};
/* End PBXSourcesBuildPhase section */

/* Begin PBXVariantGroup section */
		FD135A0A2008F012006F1896 /* Main.storyboard */ = {
			isa = PBXVariantGroup;
			children = (
				FD135A0B2008F012006F1896 /* Base */,
			);
			name = Main.storyboard;
			sourceTree = "<group>";
		};
		FD135A0F2008F012006F1896 /* LaunchScreen.storyboard */ = {
			isa = PBXVariantGroup;
			children = (
				FD135A102008F012006F1896 /* Base */,
			);
			name = LaunchScreen.storyboard;
			sourceTree = "<group>";
		};
/* End PBXVariantGroup section */

/* Begin XCBuildConfiguration section */
		FD135A132008F012006F1896 /* Debug */ = {
			isa = XCBuildConfiguration;
			buildSettings = {
				ALWAYS_SEARCH_USER_PATHS = NO;
				CLANG_ANALYZER_NONNULL = YES;
				CLANG_ANALYZER_NUMBER_OBJECT_CONVERSION = YES_AGGRESSIVE;
				CLANG_CXX_LANGUAGE_STANDARD = "gnu++14";
				CLANG_CXX_LIBRARY = "libc++";
				CLANG_ENABLE_MODULES = YES;
				CLANG_ENABLE_OBJC_ARC = YES;
				CLANG_WARN_BLOCK_CAPTURE_AUTORELEASING = YES;
				CLANG_WARN_BOOL_CONVERSION = YES;
				CLANG_WARN_COMMA = YES;
				CLANG_WARN_CONSTANT_CONVERSION = YES;
				CLANG_WARN_DIRECT_OBJC_ISA_USAGE = YES_ERROR;
				CLANG_WARN_DOCUMENTATION_COMMENTS = YES;
				CLANG_WARN_EMPTY_BODY = YES;
				CLANG_WARN_ENUM_CONVERSION = YES;
				CLANG_WARN_INFINITE_RECURSION = YES;
				CLANG_WARN_INT_CONVERSION = YES;
				CLANG_WARN_NON_LITERAL_NULL_CONVERSION = YES;
				CLANG_WARN_OBJC_LITERAL_CONVERSION = YES;
				CLANG_WARN_OBJC_ROOT_CLASS = YES_ERROR;
				CLANG_WARN_RANGE_LOOP_ANALYSIS = YES;
				CLANG_WARN_STRICT_PROTOTYPES = YES;
				CLANG_WARN_SUSPICIOUS_MOVE = YES;
				CLANG_WARN_UNGUARDED_AVAILABILITY = YES_AGGRESSIVE;
				CLANG_WARN_UNREACHABLE_CODE = YES;
				CLANG_WARN__DUPLICATE_METHOD_MATCH = YES;
				CODE_SIGN_IDENTITY = "iPhone Developer";
				COPY_PHASE_STRIP = NO;
				DEBUG_INFORMATION_FORMAT = dwarf;
				ENABLE_STRICT_OBJC_MSGSEND = YES;
				ENABLE_TESTABILITY = YES;
				GCC_C_LANGUAGE_STANDARD = gnu11;
				GCC_DYNAMIC_NO_PIC = NO;
				GCC_NO_COMMON_BLOCKS = YES;
				GCC_OPTIMIZATION_LEVEL = 0;
				GCC_PREPROCESSOR_DEFINITIONS = (
					"DEBUG=1",
					"$(inherited)",
				);
				GCC_WARN_64_TO_32_BIT_CONVERSION = YES;
				GCC_WARN_ABOUT_RETURN_TYPE = YES_ERROR;
				GCC_WARN_UNDECLARED_SELECTOR = YES;
				GCC_WARN_UNINITIALIZED_AUTOS = YES_AGGRESSIVE;
				GCC_WARN_UNUSED_FUNCTION = YES;
				GCC_WARN_UNUSED_VARIABLE = YES;
				IPHONEOS_DEPLOYMENT_TARGET = 11.2;
				MTL_ENABLE_DEBUG_INFO = YES;
				ONLY_ACTIVE_ARCH = YES;
				SDKROOT = iphoneos;
				SWIFT_ACTIVE_COMPILATION_CONDITIONS = DEBUG;
				SWIFT_OPTIMIZATION_LEVEL = "-Onone";
			};
			name = Debug;
		};
		FD135A142008F012006F1896 /* Release */ = {
			isa = XCBuildConfiguration;
			buildSettings = {
				ALWAYS_SEARCH_USER_PATHS = NO;
				CLANG_ANALYZER_NONNULL = YES;
				CLANG_ANALYZER_NUMBER_OBJECT_CONVERSION = YES_AGGRESSIVE;
				CLANG_CXX_LANGUAGE_STANDARD = "gnu++14";
				CLANG_CXX_LIBRARY = "libc++";
				CLANG_ENABLE_MODULES = YES;
				CLANG_ENABLE_OBJC_ARC = YES;
				CLANG_WARN_BLOCK_CAPTURE_AUTORELEASING = YES;
				CLANG_WARN_BOOL_CONVERSION = YES;
				CLANG_WARN_COMMA = YES;
				CLANG_WARN_CONSTANT_CONVERSION = YES;
				CLANG_WARN_DIRECT_OBJC_ISA_USAGE = YES_ERROR;
				CLANG_WARN_DOCUMENTATION_COMMENTS = YES;
				CLANG_WARN_EMPTY_BODY = YES;
				CLANG_WARN_ENUM_CONVERSION = YES;
				CLANG_WARN_INFINITE_RECURSION = YES;
				CLANG_WARN_INT_CONVERSION = YES;
				CLANG_WARN_NON_LITERAL_NULL_CONVERSION = YES;
				CLANG_WARN_OBJC_LITERAL_CONVERSION = YES;
				CLANG_WARN_OBJC_ROOT_CLASS = YES_ERROR;
				CLANG_WARN_RANGE_LOOP_ANALYSIS = YES;
				CLANG_WARN_STRICT_PROTOTYPES = YES;
				CLANG_WARN_SUSPICIOUS_MOVE = YES;
				CLANG_WARN_UNGUARDED_AVAILABILITY = YES_AGGRESSIVE;
				CLANG_WARN_UNREACHABLE_CODE = YES;
				CLANG_WARN__DUPLICATE_METHOD_MATCH = YES;
				CODE_SIGN_IDENTITY = "iPhone Developer";
				COPY_PHASE_STRIP = NO;
				DEBUG_INFORMATION_FORMAT = "dwarf-with-dsym";
				ENABLE_NS_ASSERTIONS = NO;
				ENABLE_STRICT_OBJC_MSGSEND = YES;
				GCC_C_LANGUAGE_STANDARD = gnu11;
				GCC_NO_COMMON_BLOCKS = YES;
				GCC_WARN_64_TO_32_BIT_CONVERSION = YES;
				GCC_WARN_ABOUT_RETURN_TYPE = YES_ERROR;
				GCC_WARN_UNDECLARED_SELECTOR = YES;
				GCC_WARN_UNINITIALIZED_AUTOS = YES_AGGRESSIVE;
				GCC_WARN_UNUSED_FUNCTION = YES;
				GCC_WARN_UNUSED_VARIABLE = YES;
				IPHONEOS_DEPLOYMENT_TARGET = 11.2;
				MTL_ENABLE_DEBUG_INFO = NO;
				SDKROOT = iphoneos;
				SWIFT_OPTIMIZATION_LEVEL = "-Owholemodule";
				VALIDATE_PRODUCT = YES;
			};
			name = Release;
		};
		FD135A162008F012006F1896 /* Debug */ = {
			isa = XCBuildConfiguration;
			buildSettings = {
				ASSETCATALOG_COMPILER_APPICON_NAME = AppIcon;
				CODE_SIGN_STYLE = Automatic;
				INFOPLIST_FILE = ProcessLoadingViewDemo/Info.plist;
				IPHONEOS_DEPLOYMENT_TARGET = 9.0;
				LD_RUNPATH_SEARCH_PATHS = "$(inherited) @executable_path/Frameworks";
				PRODUCT_BUNDLE_IDENTIFIER = me.ProcessLoadingViewDemo;
				PRODUCT_NAME = "$(TARGET_NAME)";
				SWIFT_VERSION = 4.0;
				TARGETED_DEVICE_FAMILY = "1,2";
			};
			name = Debug;
		};
		FD135A172008F012006F1896 /* Release */ = {
			isa = XCBuildConfiguration;
			buildSettings = {
				ASSETCATALOG_COMPILER_APPICON_NAME = AppIcon;
				CODE_SIGN_STYLE = Automatic;
				INFOPLIST_FILE = ProcessLoadingViewDemo/Info.plist;
				IPHONEOS_DEPLOYMENT_TARGET = 9.0;
				LD_RUNPATH_SEARCH_PATHS = "$(inherited) @executable_path/Frameworks";
				PRODUCT_BUNDLE_IDENTIFIER = me.ProcessLoadingViewDemo;
				PRODUCT_NAME = "$(TARGET_NAME)";
				SWIFT_VERSION = 4.0;
				TARGETED_DEVICE_FAMILY = "1,2";
			};
			name = Release;
		};
/* End XCBuildConfiguration section */

/* Begin XCConfigurationList section */
		FD1359FE2008F012006F1896 /* Build configuration list for PBXProject "ProcessLoadingViewDemo" */ = {
			isa = XCConfigurationList;
			buildConfigurations = (
				FD135A132008F012006F1896 /* Debug */,
				FD135A142008F012006F1896 /* Release */,
			);
			defaultConfigurationIsVisible = 0;
			defaultConfigurationName = Release;
		};
		FD135A152008F012006F1896 /* Build configuration list for PBXNativeTarget "ProcessLoadingViewDemo" */ = {
			isa = XCConfigurationList;
			buildConfigurations = (
				FD135A162008F012006F1896 /* Debug */,
				FD135A172008F012006F1896 /* Release */,
			);
			defaultConfigurationIsVisible = 0;
			defaultConfigurationName = Release;
		};
/* End XCConfigurationList section */
	};
	rootObject = FD1359FB2008F012006F1896 /* Project object */;
}
